
Microsoft Visual Studio Solution File, Format Version 12.00
# Visual Studio Version 17
VisualStudioVersion = 17.4.33403.182
MinimumVisualStudioVersion = 10.0.40219.1
Project("{FAE04EC0-301F-11D3-BF4B-00C04F79EFBC}") = "Hello World", "Hello World\Hello World.csproj", "{36E77788-3D58-4BBA-AEA8-2E45422E6FFE}"
EndProject
Global
	GlobalSection(SolutionConfigurationPlatforms) = preSolution
		Debug|Any CPU = Debug|Any CPU
		Release|Any CPU = Release|Any CPU
	EndGlobalSection
	GlobalSection(ProjectConfigurationPlatforms) = postSolution
		{36E77788-3D58-4BBA-AEA8-2E45422E6FFE}.Debug|Any CPU.ActiveCfg = Debug|Any CPU
		{36E77788-3D58-4BBA-AEA8-2E45422E6FFE}.Debug|Any CPU.Build.0 = Debug|Any CPU
		{36E77788-3D58-4BBA-AEA8-2E45422E6FFE}.Release|Any CPU.ActiveCfg = Release|Any CPU
		{36E77788-3D58-4BBA-AEA8-2E45422E6FFE}.Release|Any CPU.Build.0 = Release|Any CPU
	EndGlobalSection
	GlobalSection(SolutionProperties) = preSolution
		HideSolutionNode = FALSE
	EndGlobalSection
	GlobalSection(ExtensibilityGlobals) = postSolution
		SolutionGuid = {90DAA572-F90A-445E-83D1-9A736B69908E}
	EndGlobalSection
EndGlobal
