
Microsoft Visual Studio Solution File, Format Version 12.00
# Visual Studio Version 17
VisualStudioVersion = 17.4.33403.182
MinimumVisualStudioVersion = 10.0.40219.1
Project("{9A19103F-16F7-4668-BE54-9A1E7A4F7556}") = "Hello World", "Hello World\Hello World.csproj", "{36E77788-3D58-4BBA-AEA8-2E45422E6FFE}"
EndProject
Project("{9A19103F-16F7-4668-BE54-9A1E7A4F7556}") = "First autotest", "First autotest\First autotest.csproj", "{29CC7020-27A4-40B7-AD4A-373069DA23D2}"
EndProject
Project("{9A19103F-16F7-4668-BE54-9A1E7A4F7556}") = "AQA_1", "Amazon\AQA_1.csproj", "{4039B2A4-BD3A-43CC-B2FE-AA3BE06C7C79}"
EndProject
Project("{9A19103F-16F7-4668-BE54-9A1E7A4F7556}") = "Booking Framework", "Booking.com\Booking Framework.csproj", "{7F8AEA9E-D006-4DF5-973B-3F80EE080A35}"
EndProject
Project("{9A19103F-16F7-4668-BE54-9A1E7A4F7556}") = "POM_page objects", "POM_page objects\POM_page objects.csproj", "{96C057B0-FFF6-405E-BDE8-7EC2D173820C}"
EndProject
Project("{9A19103F-16F7-4668-BE54-9A1E7A4F7556}") = "POM_tests", "POM_tests\POM_tests.csproj", "{32FF5FEA-F6B4-4998-AC39-308BFF005A0A}"
EndProject
Project("{9A19103F-16F7-4668-BE54-9A1E7A4F7556}") = "Booking Tests", "Booking Tests\Booking Tests.csproj", "{1DE2250E-A693-431F-8BA8-8339E0875A75}"
EndProject
Project("{9A19103F-16F7-4668-BE54-9A1E7A4F7556}") = "Booking Page Objects", "Booking Page Objects\Booking Page Objects.csproj", "{29068506-D329-4F5B-8072-034F0378274E}"
EndProject
Project("{9A19103F-16F7-4668-BE54-9A1E7A4F7556}") = "DataBaseHelper", "DataBaseHelper\DataBaseHelper.csproj", "{76798A82-7A6D-4BBA-9C0D-D804A73A1F74}"
EndProject
Project("{9A19103F-16F7-4668-BE54-9A1E7A4F7556}") = "API Helper", "API Helper\API Helper.csproj", "{1B1CE0F8-6CF2-4FC6-987A-A51D090418AD}"
EndProject
Project("{FAE04EC0-301F-11D3-BF4B-00C04F79EFBC}") = "Booking Models", "Booking Models\Booking Models.csproj", "{ED16A64F-667E-445C-B07E-87C4BB9D1056}"
EndProject
Global
	GlobalSection(SolutionConfigurationPlatforms) = preSolution
		Debug|Any CPU = Debug|Any CPU
		Release|Any CPU = Release|Any CPU
	EndGlobalSection
	GlobalSection(ProjectConfigurationPlatforms) = postSolution
		{36E77788-3D58-4BBA-AEA8-2E45422E6FFE}.Debug|Any CPU.ActiveCfg = Debug|Any CPU
		{36E77788-3D58-4BBA-AEA8-2E45422E6FFE}.Debug|Any CPU.Build.0 = Debug|Any CPU
		{36E77788-3D58-4BBA-AEA8-2E45422E6FFE}.Release|Any CPU.ActiveCfg = Release|Any CPU
		{36E77788-3D58-4BBA-AEA8-2E45422E6FFE}.Release|Any CPU.Build.0 = Release|Any CPU
		{29CC7020-27A4-40B7-AD4A-373069DA23D2}.Debug|Any CPU.ActiveCfg = Debug|Any CPU
		{29CC7020-27A4-40B7-AD4A-373069DA23D2}.Debug|Any CPU.Build.0 = Debug|Any CPU
		{29CC7020-27A4-40B7-AD4A-373069DA23D2}.Release|Any CPU.ActiveCfg = Release|Any CPU
		{29CC7020-27A4-40B7-AD4A-373069DA23D2}.Release|Any CPU.Build.0 = Release|Any CPU
		{4039B2A4-BD3A-43CC-B2FE-AA3BE06C7C79}.Debug|Any CPU.ActiveCfg = Debug|Any CPU
		{4039B2A4-BD3A-43CC-B2FE-AA3BE06C7C79}.Debug|Any CPU.Build.0 = Debug|Any CPU
		{4039B2A4-BD3A-43CC-B2FE-AA3BE06C7C79}.Release|Any CPU.ActiveCfg = Release|Any CPU
		{4039B2A4-BD3A-43CC-B2FE-AA3BE06C7C79}.Release|Any CPU.Build.0 = Release|Any CPU
		{7F8AEA9E-D006-4DF5-973B-3F80EE080A35}.Debug|Any CPU.ActiveCfg = Debug|Any CPU
		{7F8AEA9E-D006-4DF5-973B-3F80EE080A35}.Debug|Any CPU.Build.0 = Debug|Any CPU
		{7F8AEA9E-D006-4DF5-973B-3F80EE080A35}.Release|Any CPU.ActiveCfg = Release|Any CPU
		{7F8AEA9E-D006-4DF5-973B-3F80EE080A35}.Release|Any CPU.Build.0 = Release|Any CPU
		{96C057B0-FFF6-405E-BDE8-7EC2D173820C}.Debug|Any CPU.ActiveCfg = Debug|Any CPU
		{96C057B0-FFF6-405E-BDE8-7EC2D173820C}.Debug|Any CPU.Build.0 = Debug|Any CPU
		{96C057B0-FFF6-405E-BDE8-7EC2D173820C}.Release|Any CPU.ActiveCfg = Release|Any CPU
		{96C057B0-FFF6-405E-BDE8-7EC2D173820C}.Release|Any CPU.Build.0 = Release|Any CPU
		{32FF5FEA-F6B4-4998-AC39-308BFF005A0A}.Debug|Any CPU.ActiveCfg = Debug|Any CPU
		{32FF5FEA-F6B4-4998-AC39-308BFF005A0A}.Debug|Any CPU.Build.0 = Debug|Any CPU
		{32FF5FEA-F6B4-4998-AC39-308BFF005A0A}.Release|Any CPU.ActiveCfg = Release|Any CPU
		{32FF5FEA-F6B4-4998-AC39-308BFF005A0A}.Release|Any CPU.Build.0 = Release|Any CPU
		{1DE2250E-A693-431F-8BA8-8339E0875A75}.Debug|Any CPU.ActiveCfg = Debug|Any CPU
		{1DE2250E-A693-431F-8BA8-8339E0875A75}.Debug|Any CPU.Build.0 = Debug|Any CPU
		{1DE2250E-A693-431F-8BA8-8339E0875A75}.Release|Any CPU.ActiveCfg = Release|Any CPU
		{1DE2250E-A693-431F-8BA8-8339E0875A75}.Release|Any CPU.Build.0 = Release|Any CPU
		{29068506-D329-4F5B-8072-034F0378274E}.Debug|Any CPU.ActiveCfg = Debug|Any CPU
		{29068506-D329-4F5B-8072-034F0378274E}.Debug|Any CPU.Build.0 = Debug|Any CPU
		{29068506-D329-4F5B-8072-034F0378274E}.Release|Any CPU.ActiveCfg = Release|Any CPU
		{29068506-D329-4F5B-8072-034F0378274E}.Release|Any CPU.Build.0 = Release|Any CPU
		{76798A82-7A6D-4BBA-9C0D-D804A73A1F74}.Debug|Any CPU.ActiveCfg = Debug|Any CPU
		{76798A82-7A6D-4BBA-9C0D-D804A73A1F74}.Debug|Any CPU.Build.0 = Debug|Any CPU
		{76798A82-7A6D-4BBA-9C0D-D804A73A1F74}.Release|Any CPU.ActiveCfg = Release|Any CPU
		{76798A82-7A6D-4BBA-9C0D-D804A73A1F74}.Release|Any CPU.Build.0 = Release|Any CPU
		{1B1CE0F8-6CF2-4FC6-987A-A51D090418AD}.Debug|Any CPU.ActiveCfg = Debug|Any CPU
		{1B1CE0F8-6CF2-4FC6-987A-A51D090418AD}.Debug|Any CPU.Build.0 = Debug|Any CPU
		{1B1CE0F8-6CF2-4FC6-987A-A51D090418AD}.Release|Any CPU.ActiveCfg = Release|Any CPU
		{1B1CE0F8-6CF2-4FC6-987A-A51D090418AD}.Release|Any CPU.Build.0 = Release|Any CPU
		{ED16A64F-667E-445C-B07E-87C4BB9D1056}.Debug|Any CPU.ActiveCfg = Debug|Any CPU
		{ED16A64F-667E-445C-B07E-87C4BB9D1056}.Debug|Any CPU.Build.0 = Debug|Any CPU
		{ED16A64F-667E-445C-B07E-87C4BB9D1056}.Release|Any CPU.ActiveCfg = Release|Any CPU
		{ED16A64F-667E-445C-B07E-87C4BB9D1056}.Release|Any CPU.Build.0 = Release|Any CPU
	EndGlobalSection
	GlobalSection(SolutionProperties) = preSolution
		HideSolutionNode = FALSE
	EndGlobalSection
	GlobalSection(ExtensibilityGlobals) = postSolution
		SolutionGuid = {90DAA572-F90A-445E-83D1-9A736B69908E}
	EndGlobalSection
EndGlobal
